{
    "_readme": [
        "This file locks the dependencies of your project to a known state",
        "Read more about it at https://getcomposer.org/doc/01-basic-usage.md#composer-lock-the-lock-file",
        "This file is @generated automatically"
    ],
    "content-hash": "7ba85db411be773daceac1324093ef5c",
    "packages": [
        {
            "name": "javiereguiluz/easyslugger",
            "version": "v1.0.0",
            "source": {
                "type": "git",
                "url": "https://github.com/javiereguiluz/EasySlugger.git",
                "reference": "11524a3fd70e3f0c98043755a0ffa228f2529211"
            },
            "dist": {
                "type": "zip",
                "url": "https://api.github.com/repos/javiereguiluz/EasySlugger/zipball/11524a3fd70e3f0c98043755a0ffa228f2529211",
                "reference": "11524a3fd70e3f0c98043755a0ffa228f2529211",
                "shasum": ""
            },
            "require": {
                "php": ">=5.3.3"
            },
            "type": "library",
            "autoload": {
                "psr-4": {
                    "EasySlugger\\": "src/"
                }
            },
            "notification-url": "https://packagist.org/downloads/",
            "license": [
                "MIT"
            ],
            "description": "A fast and easy to use slugger with full UTF-8 support.",
            "time": "2015-04-12T19:57:10+00:00"
        }
    ],
    "packages-dev": [],
    "aliases": [],
    "minimum-stability": "stable",
    "stability-flags": [],
    "prefer-stable": false,
    "prefer-lowest": false,
    "platform": [],
    "platform-dev": []
}
